// !$*UTF8*$!
{
	archiveVersion = 1;
	classes = {
	};
	objectVersion = 56;
	objects = {

/* Begin PBXBuildFile section */
		915543692BA628FC006C6D56 /* UserView.swift in Sources */ = {isa = PBXBuildFile; fileRef = 915543682BA628FC006C6D56 /* UserView.swift */; };
		91AC636A2BA4FDC8003124C0 /* PoppyTrackerApp.swift in Sources */ = {isa = PBXBuildFile; fileRef = 91AC63692BA4FDC8003124C0 /* PoppyTrackerApp.swift */; };
		91AC636C2BA4FDC8003124C0 /* ContentView.swift in Sources */ = {isa = PBXBuildFile; fileRef = 91AC636B2BA4FDC8003124C0 /* ContentView.swift */; };
		91AC636E2BA4FDC9003124C0 /* Assets.xcassets in Resources */ = {isa = PBXBuildFile; fileRef = 91AC636D2BA4FDC9003124C0 /* Assets.xcassets */; };
		91AC63712BA4FDC9003124C0 /* Preview Assets.xcassets in Resources */ = {isa = PBXBuildFile; fileRef = 91AC63702BA4FDC9003124C0 /* Preview Assets.xcassets */; };
		91AC63842BA5A467003124C0 /* CalendarPageView.swift in Sources */ = {isa = PBXBuildFile; fileRef = 91AC63832BA5A467003124C0 /* CalendarPageView.swift */; };
		91AC638A2BA5A9D2003124C0 /* CalendarDayView.swift in Sources */ = {isa = PBXBuildFile; fileRef = 91AC63892BA5A9D2003124C0 /* CalendarDayView.swift */; };
		91AC638C2BA5B3A7003124C0 /* DateUtils.swift in Sources */ = {isa = PBXBuildFile; fileRef = 91AC638B2BA5B3A7003124C0 /* DateUtils.swift */; };
		91AC638F2BA5B6AC003124C0 /* DateContainer.swift in Sources */ = {isa = PBXBuildFile; fileRef = 91AC638E2BA5B6AC003124C0 /* DateContainer.swift */; };
		91AC63912BA5B7A7003124C0 /* DayOfWeek.swift in Sources */ = {isa = PBXBuildFile; fileRef = 91AC63902BA5B7A7003124C0 /* DayOfWeek.swift */; };
		91AC63932BA5B7FA003124C0 /* Month.swift in Sources */ = {isa = PBXBuildFile; fileRef = 91AC63922BA5B7FA003124C0 /* Month.swift */; };
		91AC63962BA5CD4C003124C0 /* UserStatistics.swift in Sources */ = {isa = PBXBuildFile; fileRef = 91AC63952BA5CD4C003124C0 /* UserStatistics.swift */; };
		91AC63982BA5D0FF003124C0 /* ModelData.swift in Sources */ = {isa = PBXBuildFile; fileRef = 91AC63972BA5D0FF003124C0 /* ModelData.swift */; };
/* End PBXBuildFile section */

/* Begin PBXFileReference section */
		915543682BA628FC006C6D56 /* UserView.swift */ = {isa = PBXFileReference; lastKnownFileType = sourcecode.swift; path = UserView.swift; sourceTree = "<group>"; };
		91AC63662BA4FDC8003124C0 /* PoppyTracker.app */ = {isa = PBXFileReference; explicitFileType = wrapper.application; includeInIndex = 0; path = PoppyTracker.app; sourceTree = BUILT_PRODUCTS_DIR; };
		91AC63692BA4FDC8003124C0 /* PoppyTrackerApp.swift */ = {isa = PBXFileReference; lastKnownFileType = sourcecode.swift; path = PoppyTrackerApp.swift; sourceTree = "<group>"; };
		91AC636B2BA4FDC8003124C0 /* ContentView.swift */ = {isa = PBXFileReference; lastKnownFileType = sourcecode.swift; path = ContentView.swift; sourceTree = "<group>"; };
		91AC636D2BA4FDC9003124C0 /* Assets.xcassets */ = {isa = PBXFileReference; lastKnownFileType = folder.assetcatalog; path = Assets.xcassets; sourceTree = "<group>"; };
		91AC63702BA4FDC9003124C0 /* Preview Assets.xcassets */ = {isa = PBXFileReference; lastKnownFileType = folder.assetcatalog; path = "Preview Assets.xcassets"; sourceTree = "<group>"; };
		91AC63832BA5A467003124C0 /* CalendarPageView.swift */ = {isa = PBXFileReference; lastKnownFileType = sourcecode.swift; path = CalendarPageView.swift; sourceTree = "<group>"; };
		91AC63892BA5A9D2003124C0 /* CalendarDayView.swift */ = {isa = PBXFileReference; lastKnownFileType = sourcecode.swift; path = CalendarDayView.swift; sourceTree = "<group>"; };
		91AC638B2BA5B3A7003124C0 /* DateUtils.swift */ = {isa = PBXFileReference; lastKnownFileType = sourcecode.swift; path = DateUtils.swift; sourceTree = "<group>"; };
		91AC638E2BA5B6AC003124C0 /* DateContainer.swift */ = {isa = PBXFileReference; lastKnownFileType = sourcecode.swift; path = DateContainer.swift; sourceTree = "<group>"; };
		91AC63902BA5B7A7003124C0 /* DayOfWeek.swift */ = {isa = PBXFileReference; lastKnownFileType = sourcecode.swift; path = DayOfWeek.swift; sourceTree = "<group>"; };
		91AC63922BA5B7FA003124C0 /* Month.swift */ = {isa = PBXFileReference; lastKnownFileType = sourcecode.swift; path = Month.swift; sourceTree = "<group>"; };
		91AC63952BA5CD4C003124C0 /* UserStatistics.swift */ = {isa = PBXFileReference; lastKnownFileType = sourcecode.swift; path = UserStatistics.swift; sourceTree = "<group>"; };
		91AC63972BA5D0FF003124C0 /* ModelData.swift */ = {isa = PBXFileReference; lastKnownFileType = sourcecode.swift; path = ModelData.swift; sourceTree = "<group>"; };
/* End PBXFileReference section */

/* Begin PBXFrameworksBuildPhase section */
		91AC63632BA4FDC8003124C0 /* Frameworks */ = {
			isa = PBXFrameworksBuildPhase;
			buildActionMask = 2147483647;
			files = (
			);
			runOnlyForDeploymentPostprocessing = 0;
		};
/* End PBXFrameworksBuildPhase section */

/* Begin PBXGroup section */
		91AC635D2BA4FDC8003124C0 = {
			isa = PBXGroup;
			children = (
				91AC63682BA4FDC8003124C0 /* PoppyTracker */,
				91AC63672BA4FDC8003124C0 /* Products */,
			);
			sourceTree = "<group>";
		};
		91AC63672BA4FDC8003124C0 /* Products */ = {
			isa = PBXGroup;
			children = (
				91AC63662BA4FDC8003124C0 /* PoppyTracker.app */,
			);
			name = Products;
			sourceTree = "<group>";
		};
		91AC63682BA4FDC8003124C0 /* PoppyTracker */ = {
			isa = PBXGroup;
			children = (
				91AC63692BA4FDC8003124C0 /* PoppyTrackerApp.swift */,
				91AC63872BA5A9B0003124C0 /* View */,
				91AC638D2BA5B692003124C0 /* Model */,
				91AC636D2BA4FDC9003124C0 /* Assets.xcassets */,
				91AC636F2BA4FDC9003124C0 /* Preview Content */,
			);
			path = PoppyTracker;
			sourceTree = "<group>";
		};
		91AC636F2BA4FDC9003124C0 /* Preview Content */ = {
			isa = PBXGroup;
			children = (
				91AC63702BA4FDC9003124C0 /* Preview Assets.xcassets */,
			);
			path = "Preview Content";
			sourceTree = "<group>";
		};
		91AC63872BA5A9B0003124C0 /* View */ = {
			isa = PBXGroup;
			children = (
				91AC636B2BA4FDC8003124C0 /* ContentView.swift */,
				91AC63832BA5A467003124C0 /* CalendarPageView.swift */,
				915543682BA628FC006C6D56 /* UserView.swift */,
				91AC63882BA5A9BC003124C0 /* Calendar */,
			);
			path = View;
			sourceTree = "<group>";
		};
		91AC63882BA5A9BC003124C0 /* Calendar */ = {
			isa = PBXGroup;
			children = (
				91AC63892BA5A9D2003124C0 /* CalendarDayView.swift */,
				91AC638B2BA5B3A7003124C0 /* DateUtils.swift */,
			);
			path = Calendar;
			sourceTree = "<group>";
		};
		91AC638D2BA5B692003124C0 /* Model */ = {
			isa = PBXGroup;
			children = (
				91AC63942BA5CD29003124C0 /* Calendar */,
				91AC63952BA5CD4C003124C0 /* UserStatistics.swift */,
				91AC63972BA5D0FF003124C0 /* ModelData.swift */,
			);
			path = Model;
			sourceTree = "<group>";
		};
		91AC63942BA5CD29003124C0 /* Calendar */ = {
			isa = PBXGroup;
			children = (
				91AC638E2BA5B6AC003124C0 /* DateContainer.swift */,
				91AC63902BA5B7A7003124C0 /* DayOfWeek.swift */,
				91AC63922BA5B7FA003124C0 /* Month.swift */,
			);
			path = Calendar;
			sourceTree = "<group>";
		};
/* End PBXGroup section */

/* Begin PBXNativeTarget section */
		91AC63652BA4FDC8003124C0 /* PoppyTracker */ = {
			isa = PBXNativeTarget;
			buildConfigurationList = 91AC63742BA4FDC9003124C0 /* Build configuration list for PBXNativeTarget "PoppyTracker" */;
			buildPhases = (
				91AC63622BA4FDC8003124C0 /* Sources */,
				91AC63632BA4FDC8003124C0 /* Frameworks */,
				91AC63642BA4FDC8003124C0 /* Resources */,
			);
			buildRules = (
			);
			dependencies = (
			);
			name = PoppyTracker;
			productName = PoppyTracker;
			productReference = 91AC63662BA4FDC8003124C0 /* PoppyTracker.app */;
			productType = "com.apple.product-type.application";
		};
/* End PBXNativeTarget section */

/* Begin PBXProject section */
		91AC635E2BA4FDC8003124C0 /* Project object */ = {
			isa = PBXProject;
			attributes = {
				BuildIndependentTargetsInParallel = 1;
				LastSwiftUpdateCheck = 1530;
				LastUpgradeCheck = 1530;
				TargetAttributes = {
					91AC63652BA4FDC8003124C0 = {
						CreatedOnToolsVersion = 15.3;
					};
				};
			};
			buildConfigurationList = 91AC63612BA4FDC8003124C0 /* Build configuration list for PBXProject "PoppyTracker" */;
			compatibilityVersion = "Xcode 14.0";
			developmentRegion = en;
			hasScannedForEncodings = 0;
			knownRegions = (
				en,
				Base,
			);
			mainGroup = 91AC635D2BA4FDC8003124C0;
			productRefGroup = 91AC63672BA4FDC8003124C0 /* Products */;
			projectDirPath = "";
			projectRoot = "";
			targets = (
				91AC63652BA4FDC8003124C0 /* PoppyTracker */,
			);
		};
/* End PBXProject section */

/* Begin PBXResourcesBuildPhase section */
		91AC63642BA4FDC8003124C0 /* Resources */ = {
			isa = PBXResourcesBuildPhase;
			buildActionMask = 2147483647;
			files = (
				91AC63712BA4FDC9003124C0 /* Preview Assets.xcassets in Resources */,
				91AC636E2BA4FDC9003124C0 /* Assets.xcassets in Resources */,
			);
			runOnlyForDeploymentPostprocessing = 0;
		};
/* End PBXResourcesBuildPhase section */

/* Begin PBXSourcesBuildPhase section */
		91AC63622BA4FDC8003124C0 /* Sources */ = {
			isa = PBXSourcesBuildPhase;
			buildActionMask = 2147483647;
			files = (
				915543692BA628FC006C6D56 /* UserView.swift in Sources */,
				91AC63842BA5A467003124C0 /* CalendarPageView.swift in Sources */,
				91AC636C2BA4FDC8003124C0 /* ContentView.swift in Sources */,
				91AC638C2BA5B3A7003124C0 /* DateUtils.swift in Sources */,
				91AC63912BA5B7A7003124C0 /* DayOfWeek.swift in Sources */,
				91AC63932BA5B7FA003124C0 /* Month.swift in Sources */,
				91AC63962BA5CD4C003124C0 /* UserStatistics.swift in Sources */,
				91AC638F2BA5B6AC003124C0 /* DateContainer.swift in Sources */,
				91AC63982BA5D0FF003124C0 /* ModelData.swift in Sources */,
				91AC636A2BA4FDC8003124C0 /* PoppyTrackerApp.swift in Sources */,
				91AC638A2BA5A9D2003124C0 /* CalendarDayView.swift in Sources */,
			);
			runOnlyForDeploymentPostprocessing = 0;
		};
/* End PBXSourcesBuildPhase section */

/* Begin XCBuildConfiguration section */
		91AC63722BA4FDC9003124C0 /* Debug */ = {
			isa = XCBuildConfiguration;
			buildSettings = {
				ALWAYS_SEARCH_USER_PATHS = NO;
				ASSETCATALOG_COMPILER_GENERATE_SWIFT_ASSET_SYMBOL_EXTENSIONS = YES;
				CLANG_ANALYZER_NONNULL = YES;
				CLANG_ANALYZER_NUMBER_OBJECT_CONVERSION = YES_AGGRESSIVE;
				CLANG_CXX_LANGUAGE_STANDARD = "gnu++20";
				CLANG_ENABLE_MODULES = YES;
				CLANG_ENABLE_OBJC_ARC = YES;
				CLANG_ENABLE_OBJC_WEAK = YES;
				CLANG_WARN_BLOCK_CAPTURE_AUTORELEASING = YES;
				CLANG_WARN_BOOL_CONVERSION = YES;
				CLANG_WARN_COMMA = YES;
				CLANG_WARN_CONSTANT_CONVERSION = YES;
				CLANG_WARN_DEPRECATED_OBJC_IMPLEMENTATIONS = YES;
				CLANG_WARN_DIRECT_OBJC_ISA_USAGE = YES_ERROR;
				CLANG_WARN_DOCUMENTATION_COMMENTS = YES;
				CLANG_WARN_EMPTY_BODY = YES;
				CLANG_WARN_ENUM_CONVERSION = YES;
				CLANG_WARN_INFINITE_RECURSION = YES;
				CLANG_WARN_INT_CONVERSION = YES;
				CLANG_WARN_NON_LITERAL_NULL_CONVERSION = YES;
				CLANG_WARN_OBJC_IMPLICIT_RETAIN_SELF = YES;
				CLANG_WARN_OBJC_LITERAL_CONVERSION = YES;
				CLANG_WARN_OBJC_ROOT_CLASS = YES_ERROR;
				CLANG_WARN_QUOTED_INCLUDE_IN_FRAMEWORK_HEADER = YES;
				CLANG_WARN_RANGE_LOOP_ANALYSIS = YES;
				CLANG_WARN_STRICT_PROTOTYPES = YES;
				CLANG_WARN_SUSPICIOUS_MOVE = YES;
				CLANG_WARN_UNGUARDED_AVAILABILITY = YES_AGGRESSIVE;
				CLANG_WARN_UNREACHABLE_CODE = YES;
				CLANG_WARN__DUPLICATE_METHOD_MATCH = YES;
				COPY_PHASE_STRIP = NO;
				DEBUG_INFORMATION_FORMAT = dwarf;
				ENABLE_STRICT_OBJC_MSGSEND = YES;
				ENABLE_TESTABILITY = YES;
				ENABLE_USER_SCRIPT_SANDBOXING = YES;
				GCC_C_LANGUAGE_STANDARD = gnu17;
				GCC_DYNAMIC_NO_PIC = NO;
				GCC_NO_COMMON_BLOCKS = YES;
				GCC_OPTIMIZATION_LEVEL = 0;
				GCC_PREPROCESSOR_DEFINITIONS = (
					"DEBUG=1",
					"$(inherited)",
				);
				GCC_WARN_64_TO_32_BIT_CONVERSION = YES;
				GCC_WARN_ABOUT_RETURN_TYPE = YES_ERROR;
				GCC_WARN_UNDECLARED_SELECTOR = YES;
				GCC_WARN_UNINITIALIZED_AUTOS = YES_AGGRESSIVE;
				GCC_WARN_UNUSED_FUNCTION = YES;
				GCC_WARN_UNUSED_VARIABLE = YES;
				IPHONEOS_DEPLOYMENT_TARGET = 17.4;
				LOCALIZATION_PREFERS_STRING_CATALOGS = YES;
				MTL_ENABLE_DEBUG_INFO = INCLUDE_SOURCE;
				MTL_FAST_MATH = YES;
				ONLY_ACTIVE_ARCH = YES;
				SDKROOT = iphoneos;
				SWIFT_ACTIVE_COMPILATION_CONDITIONS = "DEBUG $(inherited)";
				SWIFT_OPTIMIZATION_LEVEL = "-Onone";
			};
			name = Debug;
		};
		91AC63732BA4FDC9003124C0 /* Release */ = {
			isa = XCBuildConfiguration;
			buildSettings = {
				ALWAYS_SEARCH_USER_PATHS = NO;
				ASSETCATALOG_COMPILER_GENERATE_SWIFT_ASSET_SYMBOL_EXTENSIONS = YES;
				CLANG_ANALYZER_NONNULL = YES;
				CLANG_ANALYZER_NUMBER_OBJECT_CONVERSION = YES_AGGRESSIVE;
				CLANG_CXX_LANGUAGE_STANDARD = "gnu++20";
				CLANG_ENABLE_MODULES = YES;
				CLANG_ENABLE_OBJC_ARC = YES;
				CLANG_ENABLE_OBJC_WEAK = YES;
				CLANG_WARN_BLOCK_CAPTURE_AUTORELEASING = YES;
				CLANG_WARN_BOOL_CONVERSION = YES;
				CLANG_WARN_COMMA = YES;
				CLANG_WARN_CONSTANT_CONVERSION = YES;
				CLANG_WARN_DEPRECATED_OBJC_IMPLEMENTATIONS = YES;
				CLANG_WARN_DIRECT_OBJC_ISA_USAGE = YES_ERROR;
				CLANG_WARN_DOCUMENTATION_COMMENTS = YES;
				CLANG_WARN_EMPTY_BODY = YES;
				CLANG_WARN_ENUM_CONVERSION = YES;
				CLANG_WARN_INFINITE_RECURSION = YES;
				CLANG_WARN_INT_CONVERSION = YES;
				CLANG_WARN_NON_LITERAL_NULL_CONVERSION = YES;
				CLANG_WARN_OBJC_IMPLICIT_RETAIN_SELF = YES;
				CLANG_WARN_OBJC_LITERAL_CONVERSION = YES;
				CLANG_WARN_OBJC_ROOT_CLASS = YES_ERROR;
				CLANG_WARN_QUOTED_INCLUDE_IN_FRAMEWORK_HEADER = YES;
				CLANG_WARN_RANGE_LOOP_ANALYSIS = YES;
				CLANG_WARN_STRICT_PROTOTYPES = YES;
				CLANG_WARN_SUSPICIOUS_MOVE = YES;
				CLANG_WARN_UNGUARDED_AVAILABILITY = YES_AGGRESSIVE;
				CLANG_WARN_UNREACHABLE_CODE = YES;
				CLANG_WARN__DUPLICATE_METHOD_MATCH = YES;
				COPY_PHASE_STRIP = NO;
				DEBUG_INFORMATION_FORMAT = "dwarf-with-dsym";
				ENABLE_NS_ASSERTIONS = NO;
				ENABLE_STRICT_OBJC_MSGSEND = YES;
				ENABLE_USER_SCRIPT_SANDBOXING = YES;
				GCC_C_LANGUAGE_STANDARD = gnu17;
				GCC_NO_COMMON_BLOCKS = YES;
				GCC_WARN_64_TO_32_BIT_CONVERSION = YES;
				GCC_WARN_ABOUT_RETURN_TYPE = YES_ERROR;
				GCC_WARN_UNDECLARED_SELECTOR = YES;
				GCC_WARN_UNINITIALIZED_AUTOS = YES_AGGRESSIVE;
				GCC_WARN_UNUSED_FUNCTION = YES;
				GCC_WARN_UNUSED_VARIABLE = YES;
				IPHONEOS_DEPLOYMENT_TARGET = 17.4;
				LOCALIZATION_PREFERS_STRING_CATALOGS = YES;
				MTL_ENABLE_DEBUG_INFO = NO;
				MTL_FAST_MATH = YES;
				SDKROOT = iphoneos;
				SWIFT_COMPILATION_MODE = wholemodule;
				VALIDATE_PRODUCT = YES;
			};
			name = Release;
		};
		91AC63752BA4FDC9003124C0 /* Debug */ = {
			isa = XCBuildConfiguration;
			buildSettings = {
				ASSETCATALOG_COMPILER_APPICON_NAME = AppIcon;
				ASSETCATALOG_COMPILER_GLOBAL_ACCENT_COLOR_NAME = AccentColor;
				CODE_SIGN_STYLE = Automatic;
				CURRENT_PROJECT_VERSION = 1;
				DEVELOPMENT_ASSET_PATHS = "\"PoppyTracker/Preview Content\"";
				DEVELOPMENT_TEAM = Q4C4Y6CJ8F;
				ENABLE_PREVIEWS = YES;
				GENERATE_INFOPLIST_FILE = YES;
				INFOPLIST_FILE = PoppyTracker/Info.plist;
				INFOPLIST_KEY_CFBundleDisplayName = "Poppy Tracker";
				INFOPLIST_KEY_UIApplicationSceneManifest_Generation = YES;
				INFOPLIST_KEY_UIApplicationSupportsIndirectInputEvents = YES;
				INFOPLIST_KEY_UILaunchScreen_Generation = YES;
				INFOPLIST_KEY_UIStatusBarStyle = UIStatusBarStyleLightContent;
				INFOPLIST_KEY_UISupportedInterfaceOrientations = UIInterfaceOrientationPortrait;
				INFOPLIST_KEY_UISupportedInterfaceOrientations_iPad = "UIInterfaceOrientationLandscapeLeft UIInterfaceOrientationLandscapeRight UIInterfaceOrientationPortrait UIInterfaceOrientationPortraitUpsideDown";
				LD_RUNPATH_SEARCH_PATHS = (
					"$(inherited)",
					"@executable_path/Frameworks",
				);
				MARKETING_VERSION = 1.0;
				PRODUCT_BUNDLE_IDENTIFIER = io.camimaki.PoppyTracker;
				PRODUCT_NAME = "$(TARGET_NAME)";
				SWIFT_EMIT_LOC_STRINGS = YES;
				SWIFT_VERSION = 5.0;
				TARGETED_DEVICE_FAMILY = "1,2";
			};
			name = Debug;
		};
		91AC63762BA4FDC9003124C0 /* Release */ = {
			isa = XCBuildConfiguration;
			buildSettings = {
				ASSETCATALOG_COMPILER_APPICON_NAME = AppIcon;
				ASSETCATALOG_COMPILER_GLOBAL_ACCENT_COLOR_NAME = AccentColor;
				CODE_SIGN_STYLE = Automatic;
				CURRENT_PROJECT_VERSION = 1;
				DEVELOPMENT_ASSET_PATHS = "\"PoppyTracker/Preview Content\"";
				DEVELOPMENT_TEAM = Q4C4Y6CJ8F;
				ENABLE_PREVIEWS = YES;
				GENERATE_INFOPLIST_FILE = YES;
				INFOPLIST_FILE = PoppyTracker/Info.plist;
				INFOPLIST_KEY_CFBundleDisplayName = "Poppy Tracker";
				INFOPLIST_KEY_UIApplicationSceneManifest_Generation = YES;
				INFOPLIST_KEY_UIApplicationSupportsIndirectInputEvents = YES;
				INFOPLIST_KEY_UILaunchScreen_Generation = YES;
				INFOPLIST_KEY_UIStatusBarStyle = UIStatusBarStyleLightContent;
				INFOPLIST_KEY_UISupportedInterfaceOrientations = UIInterfaceOrientationPortrait;
				INFOPLIST_KEY_UISupportedInterfaceOrientations_iPad = "UIInterfaceOrientationLandscapeLeft UIInterfaceOrientationLandscapeRight UIInterfaceOrientationPortrait UIInterfaceOrientationPortraitUpsideDown";
				LD_RUNPATH_SEARCH_PATHS = (
					"$(inherited)",
					"@executable_path/Frameworks",
				);
				MARKETING_VERSION = 1.0;
				PRODUCT_BUNDLE_IDENTIFIER = io.camimaki.PoppyTracker;
				PRODUCT_NAME = "$(TARGET_NAME)";
				SWIFT_EMIT_LOC_STRINGS = YES;
				SWIFT_VERSION = 5.0;
				TARGETED_DEVICE_FAMILY = "1,2";
			};
			name = Release;
		};
/* End XCBuildConfiguration section */

/* Begin XCConfigurationList section */
		91AC63612BA4FDC8003124C0 /* Build configuration list for PBXProject "PoppyTracker" */ = {
			isa = XCConfigurationList;
			buildConfigurations = (
				91AC63722BA4FDC9003124C0 /* Debug */,
				91AC63732BA4FDC9003124C0 /* Release */,
			);
			defaultConfigurationIsVisible = 0;
			defaultConfigurationName = Release;
		};
		91AC63742BA4FDC9003124C0 /* Build configuration list for PBXNativeTarget "PoppyTracker" */ = {
			isa = XCConfigurationList;
			buildConfigurations = (
				91AC63752BA4FDC9003124C0 /* Debug */,
				91AC63762BA4FDC9003124C0 /* Release */,
			);
			defaultConfigurationIsVisible = 0;
			defaultConfigurationName = Release;
		};
/* End XCConfigurationList section */
	};
	rootObject = 91AC635E2BA4FDC8003124C0 /* Project object */;
}
